
Microsoft Visual Studio Solution File, Format Version 12.00
# Visual Studio 2012
Project("{FAE04EC0-301F-11D3-BF4B-00C04F79EFBC}") = "Sample2.Droid", "Droid\Sample2.Droid.csproj", "{4756D162-6948-4771-8847-9B547CE272BB}"
EndProject
Project("{FAE04EC0-301F-11D3-BF4B-00C04F79EFBC}") = "Sample2.iOS", "iOS\Sample2.iOS.csproj", "{A4B5877A-6006-4176-B33C-85267AE106F8}"
EndProject
Project("{FAE04EC0-301F-11D3-BF4B-00C04F79EFBC}") = "Sample2", "Sample2\Sample2.csproj", "{3A7791E6-B57E-4AE0-BBC4-3E95132C6A1F}"
EndProject
Global
	GlobalSection(SolutionConfigurationPlatforms) = preSolution
		Debug|Any CPU = Debug|Any CPU
		Release|Any CPU = Release|Any CPU
		Debug|iPhoneSimulator = Debug|iPhoneSimulator
		Release|iPhone = Release|iPhone
		Release|iPhoneSimulator = Release|iPhoneSimulator
		Debug|iPhone = Debug|iPhone
	EndGlobalSection
	GlobalSection(ProjectConfigurationPlatforms) = postSolution
		{4756D162-6948-4771-8847-9B547CE272BB}.Debug|Any CPU.ActiveCfg = Debug|Any CPU
		{4756D162-6948-4771-8847-9B547CE272BB}.Debug|Any CPU.Build.0 = Debug|Any CPU
		{4756D162-6948-4771-8847-9B547CE272BB}.Release|Any CPU.ActiveCfg = Release|Any CPU
		{4756D162-6948-4771-8847-9B547CE272BB}.Release|Any CPU.Build.0 = Release|Any CPU
		{4756D162-6948-4771-8847-9B547CE272BB}.Debug|iPhoneSimulator.ActiveCfg = Debug|Any CPU
		{4756D162-6948-4771-8847-9B547CE272BB}.Debug|iPhoneSimulator.Build.0 = Debug|Any CPU
		{4756D162-6948-4771-8847-9B547CE272BB}.Release|iPhone.ActiveCfg = Release|Any CPU
		{4756D162-6948-4771-8847-9B547CE272BB}.Release|iPhone.Build.0 = Release|Any CPU
		{4756D162-6948-4771-8847-9B547CE272BB}.Release|iPhoneSimulator.ActiveCfg = Release|Any CPU
		{4756D162-6948-4771-8847-9B547CE272BB}.Release|iPhoneSimulator.Build.0 = Release|Any CPU
		{4756D162-6948-4771-8847-9B547CE272BB}.Debug|iPhone.ActiveCfg = Debug|Any CPU
		{4756D162-6948-4771-8847-9B547CE272BB}.Debug|iPhone.Build.0 = Debug|Any CPU
		{A4B5877A-6006-4176-B33C-85267AE106F8}.Debug|Any CPU.ActiveCfg = Debug|iPhoneSimulator
		{A4B5877A-6006-4176-B33C-85267AE106F8}.Debug|Any CPU.Build.0 = Debug|iPhoneSimulator
		{A4B5877A-6006-4176-B33C-85267AE106F8}.Release|Any CPU.ActiveCfg = Release|iPhone
		{A4B5877A-6006-4176-B33C-85267AE106F8}.Release|Any CPU.Build.0 = Release|iPhone
		{A4B5877A-6006-4176-B33C-85267AE106F8}.Debug|iPhoneSimulator.ActiveCfg = Debug|iPhoneSimulator
		{A4B5877A-6006-4176-B33C-85267AE106F8}.Debug|iPhoneSimulator.Build.0 = Debug|iPhoneSimulator
		{A4B5877A-6006-4176-B33C-85267AE106F8}.Release|iPhone.ActiveCfg = Release|iPhone
		{A4B5877A-6006-4176-B33C-85267AE106F8}.Release|iPhone.Build.0 = Release|iPhone
		{A4B5877A-6006-4176-B33C-85267AE106F8}.Release|iPhoneSimulator.ActiveCfg = Release|iPhoneSimulator
		{A4B5877A-6006-4176-B33C-85267AE106F8}.Release|iPhoneSimulator.Build.0 = Release|iPhoneSimulator
		{A4B5877A-6006-4176-B33C-85267AE106F8}.Debug|iPhone.ActiveCfg = Debug|iPhone
		{A4B5877A-6006-4176-B33C-85267AE106F8}.Debug|iPhone.Build.0 = Debug|iPhone
		{3A7791E6-B57E-4AE0-BBC4-3E95132C6A1F}.Debug|Any CPU.ActiveCfg = Debug|Any CPU
		{3A7791E6-B57E-4AE0-BBC4-3E95132C6A1F}.Debug|Any CPU.Build.0 = Debug|Any CPU
		{3A7791E6-B57E-4AE0-BBC4-3E95132C6A1F}.Release|Any CPU.ActiveCfg = Release|Any CPU
		{3A7791E6-B57E-4AE0-BBC4-3E95132C6A1F}.Release|Any CPU.Build.0 = Release|Any CPU
		{3A7791E6-B57E-4AE0-BBC4-3E95132C6A1F}.Debug|iPhoneSimulator.ActiveCfg = Debug|Any CPU
		{3A7791E6-B57E-4AE0-BBC4-3E95132C6A1F}.Debug|iPhoneSimulator.Build.0 = Debug|Any CPU
		{3A7791E6-B57E-4AE0-BBC4-3E95132C6A1F}.Release|iPhone.ActiveCfg = Release|Any CPU
		{3A7791E6-B57E-4AE0-BBC4-3E95132C6A1F}.Release|iPhone.Build.0 = Release|Any CPU
		{3A7791E6-B57E-4AE0-BBC4-3E95132C6A1F}.Release|iPhoneSimulator.ActiveCfg = Release|Any CPU
		{3A7791E6-B57E-4AE0-BBC4-3E95132C6A1F}.Release|iPhoneSimulator.Build.0 = Release|Any CPU
		{3A7791E6-B57E-4AE0-BBC4-3E95132C6A1F}.Debug|iPhone.ActiveCfg = Debug|Any CPU
		{3A7791E6-B57E-4AE0-BBC4-3E95132C6A1F}.Debug|iPhone.Build.0 = Debug|Any CPU
	EndGlobalSection
EndGlobal
